
Microsoft Visual Studio Solution File, Format Version 12.00
# Visual Studio 15
VisualStudioVersion = 15.0.28010.2016
MinimumVisualStudioVersion = 10.0.40219.1
Project("{FAE04EC0-301F-11D3-BF4B-00C04F79EFBC}") = "Highscores", "Highscores\Highscores.csproj", "{B5733B26-DAC2-4012-B9FB-2C253EE4B29D}"
EndProject
Global
	GlobalSection(SolutionConfigurationPlatforms) = preSolution
		Debug|Any CPU = Debug|Any CPU
		Release|Any CPU = Release|Any CPU
	EndGlobalSection
	GlobalSection(ProjectConfigurationPlatforms) = postSolution
		{B5733B26-DAC2-4012-B9FB-2C253EE4B29D}.Debug|Any CPU.ActiveCfg = Debug|Any CPU
		{B5733B26-DAC2-4012-B9FB-2C253EE4B29D}.Debug|Any CPU.Build.0 = Debug|Any CPU
		{B5733B26-DAC2-4012-B9FB-2C253EE4B29D}.Release|Any CPU.ActiveCfg = Release|Any CPU
		{B5733B26-DAC2-4012-B9FB-2C253EE4B29D}.Release|Any CPU.Build.0 = Release|Any CPU
	EndGlobalSection
	GlobalSection(SolutionProperties) = preSolution
		HideSolutionNode = FALSE
	EndGlobalSection
	GlobalSection(ExtensibilityGlobals) = postSolution
		SolutionGuid = {A29D9130-1587-4AA6-9B8D-CE8D5E93AD7F}
	EndGlobalSection
EndGlobal
