
Microsoft Visual Studio Solution File, Format Version 12.00
# Visual Studio 15
VisualStudioVersion = 15.0.28010.2016
MinimumVisualStudioVersion = 10.0.40219.1
Project("{FAE04EC0-301F-11D3-BF4B-00C04F79EFBC}") = "Memory HoofdUI", "Memory HoofdUI\Memory HoofdUI.csproj", "{D3D036F2-E55F-4A53-9C85-3DD22F6B117B}"
EndProject
Global
	GlobalSection(SolutionConfigurationPlatforms) = preSolution
		Debug|Any CPU = Debug|Any CPU
		Release|Any CPU = Release|Any CPU
	EndGlobalSection
	GlobalSection(ProjectConfigurationPlatforms) = postSolution
		{D3D036F2-E55F-4A53-9C85-3DD22F6B117B}.Debug|Any CPU.ActiveCfg = Debug|Any CPU
		{D3D036F2-E55F-4A53-9C85-3DD22F6B117B}.Debug|Any CPU.Build.0 = Debug|Any CPU
		{D3D036F2-E55F-4A53-9C85-3DD22F6B117B}.Release|Any CPU.ActiveCfg = Release|Any CPU
		{D3D036F2-E55F-4A53-9C85-3DD22F6B117B}.Release|Any CPU.Build.0 = Release|Any CPU
	EndGlobalSection
	GlobalSection(SolutionProperties) = preSolution
		HideSolutionNode = FALSE
	EndGlobalSection
	GlobalSection(ExtensibilityGlobals) = postSolution
		SolutionGuid = {F2EB2133-A8FD-4255-A272-AAA019442B5B}
	EndGlobalSection
EndGlobal
