
Microsoft Visual Studio Solution File, Format Version 12.00
# Visual Studio 15
VisualStudioVersion = 15.0.28010.2016
MinimumVisualStudioVersion = 10.0.40219.1
Project("{FAE04EC0-301F-11D3-BF4B-00C04F79EFBC}") = "Memory Spel", "Memory Spel\Memory Spel.csproj", "{AFC38A70-3435-43D8-B22C-E2A2CA88CB90}"
EndProject
Global
	GlobalSection(SolutionConfigurationPlatforms) = preSolution
		Debug|Any CPU = Debug|Any CPU
		Release|Any CPU = Release|Any CPU
	EndGlobalSection
	GlobalSection(ProjectConfigurationPlatforms) = postSolution
		{AFC38A70-3435-43D8-B22C-E2A2CA88CB90}.Debug|Any CPU.ActiveCfg = Debug|Any CPU
		{AFC38A70-3435-43D8-B22C-E2A2CA88CB90}.Debug|Any CPU.Build.0 = Debug|Any CPU
		{AFC38A70-3435-43D8-B22C-E2A2CA88CB90}.Release|Any CPU.ActiveCfg = Release|Any CPU
		{AFC38A70-3435-43D8-B22C-E2A2CA88CB90}.Release|Any CPU.Build.0 = Release|Any CPU
	EndGlobalSection
	GlobalSection(SolutionProperties) = preSolution
		HideSolutionNode = FALSE
	EndGlobalSection
	GlobalSection(ExtensibilityGlobals) = postSolution
		SolutionGuid = {6971A4BF-1DDC-4002-8F77-A5513270692A}
	EndGlobalSection
EndGlobal
