
Microsoft Visual Studio Solution File, Format Version 12.00
# Visual Studio 15
VisualStudioVersion = 15.0.28010.2016
MinimumVisualStudioVersion = 10.0.40219.1
Project("{FAE04EC0-301F-11D3-BF4B-00C04F79EFBC}") = "Theme", "Theme\Theme.csproj", "{B4452C43-DADC-4F1B-AD83-00C2426115C8}"
EndProject
Global
	GlobalSection(SolutionConfigurationPlatforms) = preSolution
		Debug|Any CPU = Debug|Any CPU
		Release|Any CPU = Release|Any CPU
	EndGlobalSection
	GlobalSection(ProjectConfigurationPlatforms) = postSolution
		{B4452C43-DADC-4F1B-AD83-00C2426115C8}.Debug|Any CPU.ActiveCfg = Debug|Any CPU
		{B4452C43-DADC-4F1B-AD83-00C2426115C8}.Debug|Any CPU.Build.0 = Debug|Any CPU
		{B4452C43-DADC-4F1B-AD83-00C2426115C8}.Release|Any CPU.ActiveCfg = Release|Any CPU
		{B4452C43-DADC-4F1B-AD83-00C2426115C8}.Release|Any CPU.Build.0 = Release|Any CPU
	EndGlobalSection
	GlobalSection(SolutionProperties) = preSolution
		HideSolutionNode = FALSE
	EndGlobalSection
	GlobalSection(ExtensibilityGlobals) = postSolution
		SolutionGuid = {1BBBB24A-DCE5-4739-89C1-AA152E535352}
	EndGlobalSection
EndGlobal
